github.com/BurntSushi/toml v1.4.0 h1:kuoIxZQy2WRRk1pttg9asf+WVv6tWQuBNVmK8+nqPr0=
github.com/BurntSushi/toml v1.4.0/go.mod h1:ukJfTF/6rtPPRCnwkur4qwRxa8vTRFBF0uk2lLoLwho=
github.com/gbin/goncurses v0.0.0-20240517145248-be6a464272ae h1:WeLSOuEYiwcuwg39YirhW0DibOkTztefXCTau5sSbyc=
github.com/gbin/goncurses v0.0.0-20240517145248-be6a464272ae/go.mod h1:dmRjyC3ZOQQ4EXWMOIAQi0TLaJPcg61LFsJ9mvhSGRE=
github.com/veandco/go-sdl2 v0.4.40 h1:fZv6wC3zz1Xt167P09gazawnpa0KY5LM7JAvKpX9d/U=
github.com/veandco/go-sdl2 v0.4.40/go.mod h1:OROqMhHD43nT4/i9crJukyVecjPNYYuCofep6SNiAjY=
